
Microsoft Visual Studio Solution File, Format Version 12.00
# Visual Studio Version 17
VisualStudioVersion = 17.5.33516.290
MinimumVisualStudioVersion = 10.0.40219.1
Project("{2150E333-8FDC-42A3-9474-1A3956D46DE8}") = "UsersMicroservice", "UsersMicroservice", "{0FA4D619-E5AF-4343-A809-D2BEEAD08336}"
EndProject
Project("{2150E333-8FDC-42A3-9474-1A3956D46DE8}") = "Users.API", "Users.API", "{316B6541-5C5B-4DB4-B651-5E203B5A8BD6}"
EndProject
Project("{2150E333-8FDC-42A3-9474-1A3956D46DE8}") = "Users.Domain", "Users.Domain", "{C9ACC5F5-13D2-46A5-828D-0FF5F05D6D13}"
EndProject
Project("{2150E333-8FDC-42A3-9474-1A3956D46DE8}") = "Users.Business", "Users.Business", "{F2AFCCA3-7982-4A2F-A980-0ED495A63B12}"
EndProject
Project("{2150E333-8FDC-42A3-9474-1A3956D46DE8}") = "Users.Infrastructure", "Users.Infrastructure", "{642E3411-F23A-425C-889F-54CAF34ABFAC}"
EndProject
Project("{2150E333-8FDC-42A3-9474-1A3956D46DE8}") = "ProjectsMicroservice", "ProjectsMicroservice", "{6933DBFF-716B-4087-B151-EC65BE66915D}"
EndProject
Project("{2150E333-8FDC-42A3-9474-1A3956D46DE8}") = "Projects.API", "Projects.API", "{1A98D77E-9F92-4AD2-BDFF-E400B0B5D3CE}"
EndProject
Project("{9A19103F-16F7-4668-BE54-9A1E7A4F7556}") = "Users.API", "Users.API\Users.API.csproj", "{26A9EF52-FBB0-49DB-B8E3-14FCD2D8E875}"
EndProject
Project("{9A19103F-16F7-4668-BE54-9A1E7A4F7556}") = "Projects.API", "Projects.API\Projects.API.csproj", "{5CE3F682-37E7-4B47-88AE-ED3A63EEAA61}"
EndProject
Project("{2150E333-8FDC-42A3-9474-1A3956D46DE8}") = "Projects.Domain", "Projects.Domain", "{69F4D95C-F08A-432C-B353-FF2F39B3BC3E}"
EndProject
Project("{9A19103F-16F7-4668-BE54-9A1E7A4F7556}") = "Projects.Domain", "Projects.Domain\Projects.Domain.csproj", "{77DA0091-FB66-4F5E-9633-631387B164BF}"
EndProject
Project("{2150E333-8FDC-42A3-9474-1A3956D46DE8}") = "Projects.Business", "Projects.Business", "{F32B7487-3D75-432A-A0F7-2D2D74C9B914}"
EndProject
Project("{9A19103F-16F7-4668-BE54-9A1E7A4F7556}") = "Projects.Business", "Projects.Business\Projects.Business.csproj", "{C61A2E07-735C-42CE-814A-70F4ECB58FEA}"
EndProject
Project("{2150E333-8FDC-42A3-9474-1A3956D46DE8}") = "Projects.Infrastructure", "Projects.Infrastructure", "{BCCCBDFB-4D8C-4A13-A179-6D55A63E5C3A}"
EndProject
Project("{9A19103F-16F7-4668-BE54-9A1E7A4F7556}") = "Users.Business", "Users.Business\Users.Business.csproj", "{B5677D01-D75C-4781-9014-92DA5F6FAF7B}"
EndProject
Project("{9A19103F-16F7-4668-BE54-9A1E7A4F7556}") = "Users.Domain", "Users.Domain\Users.Domain.csproj", "{123AC027-80D9-46AF-AAA4-6DCB8F39DF8D}"
EndProject
Project("{FAE04EC0-301F-11D3-BF4B-00C04F79EFBC}") = "Projects.Infrastructure", "Projects.Infrastructure\Projects.Infrastructure.csproj", "{D09E18FE-4F3C-4033-81F2-783330372668}"
EndProject
Project("{FAE04EC0-301F-11D3-BF4B-00C04F79EFBC}") = "Users.Infrastructure", "Users.Infrastructure\Users.Infrastructure.csproj", "{CDF44C36-6818-4F9F-8316-8FB2D2FC0360}"
EndProject
Global
	GlobalSection(SolutionConfigurationPlatforms) = preSolution
		Debug|Any CPU = Debug|Any CPU
		Release|Any CPU = Release|Any CPU
	EndGlobalSection
	GlobalSection(ProjectConfigurationPlatforms) = postSolution
		{26A9EF52-FBB0-49DB-B8E3-14FCD2D8E875}.Debug|Any CPU.ActiveCfg = Debug|Any CPU
		{26A9EF52-FBB0-49DB-B8E3-14FCD2D8E875}.Debug|Any CPU.Build.0 = Debug|Any CPU
		{26A9EF52-FBB0-49DB-B8E3-14FCD2D8E875}.Release|Any CPU.ActiveCfg = Release|Any CPU
		{26A9EF52-FBB0-49DB-B8E3-14FCD2D8E875}.Release|Any CPU.Build.0 = Release|Any CPU
		{5CE3F682-37E7-4B47-88AE-ED3A63EEAA61}.Debug|Any CPU.ActiveCfg = Debug|Any CPU
		{5CE3F682-37E7-4B47-88AE-ED3A63EEAA61}.Debug|Any CPU.Build.0 = Debug|Any CPU
		{5CE3F682-37E7-4B47-88AE-ED3A63EEAA61}.Release|Any CPU.ActiveCfg = Release|Any CPU
		{5CE3F682-37E7-4B47-88AE-ED3A63EEAA61}.Release|Any CPU.Build.0 = Release|Any CPU
		{77DA0091-FB66-4F5E-9633-631387B164BF}.Debug|Any CPU.ActiveCfg = Debug|Any CPU
		{77DA0091-FB66-4F5E-9633-631387B164BF}.Debug|Any CPU.Build.0 = Debug|Any CPU
		{77DA0091-FB66-4F5E-9633-631387B164BF}.Release|Any CPU.ActiveCfg = Release|Any CPU
		{77DA0091-FB66-4F5E-9633-631387B164BF}.Release|Any CPU.Build.0 = Release|Any CPU
		{C61A2E07-735C-42CE-814A-70F4ECB58FEA}.Debug|Any CPU.ActiveCfg = Debug|Any CPU
		{C61A2E07-735C-42CE-814A-70F4ECB58FEA}.Debug|Any CPU.Build.0 = Debug|Any CPU
		{C61A2E07-735C-42CE-814A-70F4ECB58FEA}.Release|Any CPU.ActiveCfg = Release|Any CPU
		{C61A2E07-735C-42CE-814A-70F4ECB58FEA}.Release|Any CPU.Build.0 = Release|Any CPU
		{B5677D01-D75C-4781-9014-92DA5F6FAF7B}.Debug|Any CPU.ActiveCfg = Debug|Any CPU
		{B5677D01-D75C-4781-9014-92DA5F6FAF7B}.Debug|Any CPU.Build.0 = Debug|Any CPU
		{B5677D01-D75C-4781-9014-92DA5F6FAF7B}.Release|Any CPU.ActiveCfg = Release|Any CPU
		{B5677D01-D75C-4781-9014-92DA5F6FAF7B}.Release|Any CPU.Build.0 = Release|Any CPU
		{123AC027-80D9-46AF-AAA4-6DCB8F39DF8D}.Debug|Any CPU.ActiveCfg = Debug|Any CPU
		{123AC027-80D9-46AF-AAA4-6DCB8F39DF8D}.Debug|Any CPU.Build.0 = Debug|Any CPU
		{123AC027-80D9-46AF-AAA4-6DCB8F39DF8D}.Release|Any CPU.ActiveCfg = Release|Any CPU
		{123AC027-80D9-46AF-AAA4-6DCB8F39DF8D}.Release|Any CPU.Build.0 = Release|Any CPU
		{D09E18FE-4F3C-4033-81F2-783330372668}.Debug|Any CPU.ActiveCfg = Debug|Any CPU
		{D09E18FE-4F3C-4033-81F2-783330372668}.Debug|Any CPU.Build.0 = Debug|Any CPU
		{D09E18FE-4F3C-4033-81F2-783330372668}.Release|Any CPU.ActiveCfg = Release|Any CPU
		{D09E18FE-4F3C-4033-81F2-783330372668}.Release|Any CPU.Build.0 = Release|Any CPU
		{CDF44C36-6818-4F9F-8316-8FB2D2FC0360}.Debug|Any CPU.ActiveCfg = Debug|Any CPU
		{CDF44C36-6818-4F9F-8316-8FB2D2FC0360}.Debug|Any CPU.Build.0 = Debug|Any CPU
		{CDF44C36-6818-4F9F-8316-8FB2D2FC0360}.Release|Any CPU.ActiveCfg = Release|Any CPU
		{CDF44C36-6818-4F9F-8316-8FB2D2FC0360}.Release|Any CPU.Build.0 = Release|Any CPU
	EndGlobalSection
	GlobalSection(SolutionProperties) = preSolution
		HideSolutionNode = FALSE
	EndGlobalSection
	GlobalSection(NestedProjects) = preSolution
		{316B6541-5C5B-4DB4-B651-5E203B5A8BD6} = {0FA4D619-E5AF-4343-A809-D2BEEAD08336}
		{C9ACC5F5-13D2-46A5-828D-0FF5F05D6D13} = {0FA4D619-E5AF-4343-A809-D2BEEAD08336}
		{F2AFCCA3-7982-4A2F-A980-0ED495A63B12} = {0FA4D619-E5AF-4343-A809-D2BEEAD08336}
		{642E3411-F23A-425C-889F-54CAF34ABFAC} = {0FA4D619-E5AF-4343-A809-D2BEEAD08336}
		{1A98D77E-9F92-4AD2-BDFF-E400B0B5D3CE} = {6933DBFF-716B-4087-B151-EC65BE66915D}
		{26A9EF52-FBB0-49DB-B8E3-14FCD2D8E875} = {316B6541-5C5B-4DB4-B651-5E203B5A8BD6}
		{5CE3F682-37E7-4B47-88AE-ED3A63EEAA61} = {1A98D77E-9F92-4AD2-BDFF-E400B0B5D3CE}
		{69F4D95C-F08A-432C-B353-FF2F39B3BC3E} = {6933DBFF-716B-4087-B151-EC65BE66915D}
		{77DA0091-FB66-4F5E-9633-631387B164BF} = {69F4D95C-F08A-432C-B353-FF2F39B3BC3E}
		{F32B7487-3D75-432A-A0F7-2D2D74C9B914} = {6933DBFF-716B-4087-B151-EC65BE66915D}
		{C61A2E07-735C-42CE-814A-70F4ECB58FEA} = {F32B7487-3D75-432A-A0F7-2D2D74C9B914}
		{BCCCBDFB-4D8C-4A13-A179-6D55A63E5C3A} = {6933DBFF-716B-4087-B151-EC65BE66915D}
		{B5677D01-D75C-4781-9014-92DA5F6FAF7B} = {F2AFCCA3-7982-4A2F-A980-0ED495A63B12}
		{123AC027-80D9-46AF-AAA4-6DCB8F39DF8D} = {C9ACC5F5-13D2-46A5-828D-0FF5F05D6D13}
		{D09E18FE-4F3C-4033-81F2-783330372668} = {BCCCBDFB-4D8C-4A13-A179-6D55A63E5C3A}
		{CDF44C36-6818-4F9F-8316-8FB2D2FC0360} = {642E3411-F23A-425C-889F-54CAF34ABFAC}
	EndGlobalSection
	GlobalSection(ExtensibilityGlobals) = postSolution
		SolutionGuid = {96659E34-38CD-4C5F-96E6-791AD91AADD2}
	EndGlobalSection
EndGlobal
